Microsoft Visual Studio Solution File, Format Version 11.00
# Visual Studio 2010
Project("{8BC9CEB8-8B4A-11D0-8D11-00A0C91BC942}") = "log4cpp", "log4cpp\log4cpp.vcxproj", "{8C796FDD-5BB9-41D5-8471-DDC897C8C486}"
EndProject
Project("{8BC9CEB8-8B4A-11D0-8D11-00A0C91BC942}") = "testCategory", "testCategory\testCategory.vcxproj", "{74295618-C9C1-C8D9-EE5F-4F85DFE2FAAA}"
EndProject
Project("{8BC9CEB8-8B4A-11D0-8D11-00A0C91BC942}") = "testDLL", "testDLL\testDLL.vcxproj", "{7DC67355-034E-CCD3-776E-FF912AA4D8FB}"
EndProject
Project("{8BC9CEB8-8B4A-11D0-8D11-00A0C91BC942}") = "testMain", "testMain\testMain.vcxproj", "{3F577D83-81D1-637C-A33E-AE8AFE03AF67}"
EndProject
Project("{8BC9CEB8-8B4A-11D0-8D11-00A0C91BC942}") = "testNDC", "testNDC\testNDC.vcxproj", "{B25D28B1-9D1B-CA6F-7F03-5EA79578887C}"
EndProject
Project("{8BC9CEB8-8B4A-11D0-8D11-00A0C91BC942}") = "testNTEventLog", "testNTEventLog\testNTEventLog.vcxproj", "{106507BB-AEB6-C184-950D-94AD825ACBD2}"
EndProject
Project("{8BC9CEB8-8B4A-11D0-8D11-00A0C91BC942}") = "testPattern", "testPattern\testPattern.vcxproj", "{37264B92-67E4-326C-4AD4-6648FE89C6E1}"
EndProject
Project("{8BC9CEB8-8B4A-11D0-8D11-00A0C91BC942}") = "testPropConfig", "testPropConfig\testPropConfig.vcxproj", "{449C674A-87F2-BAA0-948F-0FFDB280C8F2}"
EndProject
Project("{8BC9CEB8-8B4A-11D0-8D11-00A0C91BC942}") = "log4cppLIB", "log4cppLIB\log4cppLIB.vcxproj", "{AFA856A0-2388-4673-9277-CE4061709569}"
EndProject
Global
	GlobalSection(SolutionConfigurationPlatforms) = preSolution
		Debug with Boost|Win32 = Debug with Boost|Win32
		Debug with Boost|x64 = Debug with Boost|x64
		Debug|Win32 = Debug|Win32
		Debug|x64 = Debug|x64
		Release with Boost|Win32 = Release with Boost|Win32
		Release with Boost|x64 = Release with Boost|x64
		Release|Win32 = Release|Win32
		Release|x64 = Release|x64
	EndGlobalSection
	GlobalSection(ProjectConfigurationPlatforms) = postSolution
		{8C796FDD-5BB9-41D5-8471-DDC897C8C486}.Debug with Boost|Win32.ActiveCfg = Debug with Boost|Win32
		{8C796FDD-5BB9-41D5-8471-DDC897C8C486}.Debug with Boost|Win32.Build.0 = Debug with Boost|Win32
		{8C796FDD-5BB9-41D5-8471-DDC897C8C486}.Debug with Boost|x64.ActiveCfg = Debug with Boost|x64
		{8C796FDD-5BB9-41D5-8471-DDC897C8C486}.Debug|Win32.ActiveCfg = Debug|Win32
		{8C796FDD-5BB9-41D5-8471-DDC897C8C486}.Debug|x64.ActiveCfg = Debug|x64
		{8C796FDD-5BB9-41D5-8471-DDC897C8C486}.Release with Boost|Win32.ActiveCfg = Release with Boost|Win32
		{8C796FDD-5BB9-41D5-8471-DDC897C8C486}.Release with Boost|Win32.Build.0 = Release with Boost|Win32
		{8C796FDD-5BB9-41D5-8471-DDC897C8C486}.Release with Boost|x64.ActiveCfg = Release with Boost|x64
		{8C796FDD-5BB9-41D5-8471-DDC897C8C486}.Release|Win32.ActiveCfg = Release|Win32
		{8C796FDD-5BB9-41D5-8471-DDC897C8C486}.Release|x64.ActiveCfg = Release|x64
		{74295618-C9C1-C8D9-EE5F-4F85DFE2FAAA}.Debug with Boost|Win32.ActiveCfg = Debug|Win32
		{74295618-C9C1-C8D9-EE5F-4F85DFE2FAAA}.Debug with Boost|Win32.Build.0 = Debug|Win32
		{74295618-C9C1-C8D9-EE5F-4F85DFE2FAAA}.Debug with Boost|x64.ActiveCfg = Debug|x64
		{74295618-C9C1-C8D9-EE5F-4F85DFE2FAAA}.Debug with Boost|x64.Build.0 = Debug|x64
		{74295618-C9C1-C8D9-EE5F-4F85DFE2FAAA}.Debug|Win32.ActiveCfg = Debug|Win32
		{74295618-C9C1-C8D9-EE5F-4F85DFE2FAAA}.Debug|x64.ActiveCfg = Debug|x64
		{74295618-C9C1-C8D9-EE5F-4F85DFE2FAAA}.Release with Boost|Win32.ActiveCfg = Release|Win32
		{74295618-C9C1-C8D9-EE5F-4F85DFE2FAAA}.Release with Boost|Win32.Build.0 = Release|Win32
		{74295618-C9C1-C8D9-EE5F-4F85DFE2FAAA}.Release with Boost|x64.ActiveCfg = Release|x64
		{74295618-C9C1-C8D9-EE5F-4F85DFE2FAAA}.Release with Boost|x64.Build.0 = Release|x64
		{74295618-C9C1-C8D9-EE5F-4F85DFE2FAAA}.Release|Win32.ActiveCfg = Release|Win32
		{74295618-C9C1-C8D9-EE5F-4F85DFE2FAAA}.Release|x64.ActiveCfg = Release|x64
		{7DC67355-034E-CCD3-776E-FF912AA4D8FB}.Debug with Boost|Win32.ActiveCfg = Debug|Win32
		{7DC67355-034E-CCD3-776E-FF912AA4D8FB}.Debug with Boost|Win32.Build.0 = Debug|Win32
		{7DC67355-034E-CCD3-776E-FF912AA4D8FB}.Debug with Boost|x64.ActiveCfg = Debug|x64
		{7DC67355-034E-CCD3-776E-FF912AA4D8FB}.Debug with Boost|x64.Build.0 = Debug|x64
		{7DC67355-034E-CCD3-776E-FF912AA4D8FB}.Debug|Win32.ActiveCfg = Debug|Win32
		{7DC67355-034E-CCD3-776E-FF912AA4D8FB}.Debug|x64.ActiveCfg = Debug|x64
		{7DC67355-034E-CCD3-776E-FF912AA4D8FB}.Release with Boost|Win32.ActiveCfg = Release|Win32
		{7DC67355-034E-CCD3-776E-FF912AA4D8FB}.Release with Boost|Win32.Build.0 = Release|Win32
		{7DC67355-034E-CCD3-776E-FF912AA4D8FB}.Release with Boost|x64.ActiveCfg = Release|x64
		{7DC67355-034E-CCD3-776E-FF912AA4D8FB}.Release with Boost|x64.Build.0 = Release|x64
		{7DC67355-034E-CCD3-776E-FF912AA4D8FB}.Release|Win32.ActiveCfg = Release|Win32
		{7DC67355-034E-CCD3-776E-FF912AA4D8FB}.Release|x64.ActiveCfg = Release|x64
		{3F577D83-81D1-637C-A33E-AE8AFE03AF67}.Debug with Boost|Win32.ActiveCfg = Debug|Win32
		{3F577D83-81D1-637C-A33E-AE8AFE03AF67}.Debug with Boost|Win32.Build.0 = Debug|Win32
		{3F577D83-81D1-637C-A33E-AE8AFE03AF67}.Debug with Boost|x64.ActiveCfg = Debug|x64
		{3F577D83-81D1-637C-A33E-AE8AFE03AF67}.Debug with Boost|x64.Build.0 = Debug|x64
		{3F577D83-81D1-637C-A33E-AE8AFE03AF67}.Debug|Win32.ActiveCfg = Debug|Win32
		{3F577D83-81D1-637C-A33E-AE8AFE03AF67}.Debug|x64.ActiveCfg = Debug|x64
		{3F577D83-81D1-637C-A33E-AE8AFE03AF67}.Release with Boost|Win32.ActiveCfg = Release|Win32
		{3F577D83-81D1-637C-A33E-AE8AFE03AF67}.Release with Boost|Win32.Build.0 = Release|Win32
		{3F577D83-81D1-637C-A33E-AE8AFE03AF67}.Release with Boost|x64.ActiveCfg = Release|x64
		{3F577D83-81D1-637C-A33E-AE8AFE03AF67}.Release with Boost|x64.Build.0 = Release|x64
		{3F577D83-81D1-637C-A33E-AE8AFE03AF67}.Release|Win32.ActiveCfg = Release|Win32
		{3F577D83-81D1-637C-A33E-AE8AFE03AF67}.Release|x64.ActiveCfg = Release|x64
		{B25D28B1-9D1B-CA6F-7F03-5EA79578887C}.Debug with Boost|Win32.ActiveCfg = Debug|Win32
		{B25D28B1-9D1B-CA6F-7F03-5EA79578887C}.Debug with Boost|Win32.Build.0 = Debug|Win32
		{B25D28B1-9D1B-CA6F-7F03-5EA79578887C}.Debug with Boost|x64.ActiveCfg = Debug|x64
		{B25D28B1-9D1B-CA6F-7F03-5EA79578887C}.Debug with Boost|x64.Build.0 = Debug|x64
		{B25D28B1-9D1B-CA6F-7F03-5EA79578887C}.Debug|Win32.ActiveCfg = Debug|Win32
		{B25D28B1-9D1B-CA6F-7F03-5EA79578887C}.Debug|x64.ActiveCfg = Debug|x64
		{B25D28B1-9D1B-CA6F-7F03-5EA79578887C}.Release with Boost|Win32.ActiveCfg = Release|Win32
		{B25D28B1-9D1B-CA6F-7F03-5EA79578887C}.Release with Boost|Win32.Build.0 = Release|Win32
		{B25D28B1-9D1B-CA6F-7F03-5EA79578887C}.Release with Boost|x64.ActiveCfg = Release|x64
		{B25D28B1-9D1B-CA6F-7F03-5EA79578887C}.Release with Boost|x64.Build.0 = Release|x64
		{B25D28B1-9D1B-CA6F-7F03-5EA79578887C}.Release|Win32.ActiveCfg = Release|Win32
		{B25D28B1-9D1B-CA6F-7F03-5EA79578887C}.Release|x64.ActiveCfg = Release|x64
		{106507BB-AEB6-C184-950D-94AD825ACBD2}.Debug with Boost|Win32.ActiveCfg = Debug|Win32
		{106507BB-AEB6-C184-950D-94AD825ACBD2}.Debug with Boost|Win32.Build.0 = Debug|Win32
		{106507BB-AEB6-C184-950D-94AD825ACBD2}.Debug with Boost|x64.ActiveCfg = Debug|x64
		{106507BB-AEB6-C184-950D-94AD825ACBD2}.Debug with Boost|x64.Build.0 = Debug|x64
		{106507BB-AEB6-C184-950D-94AD825ACBD2}.Debug|Win32.ActiveCfg = Debug|Win32
		{106507BB-AEB6-C184-950D-94AD825ACBD2}.Debug|x64.ActiveCfg = Debug|x64
		{106507BB-AEB6-C184-950D-94AD825ACBD2}.Release with Boost|Win32.ActiveCfg = Release|Win32
		{106507BB-AEB6-C184-950D-94AD825ACBD2}.Release with Boost|Win32.Build.0 = Release|Win32
		{106507BB-AEB6-C184-950D-94AD825ACBD2}.Release with Boost|x64.ActiveCfg = Release|x64
		{106507BB-AEB6-C184-950D-94AD825ACBD2}.Release with Boost|x64.Build.0 = Release|x64
		{106507BB-AEB6-C184-950D-94AD825ACBD2}.Release|Win32.ActiveCfg = Release|Win32
		{106507BB-AEB6-C184-950D-94AD825ACBD2}.Release|x64.ActiveCfg = Release|x64
		{37264B92-67E4-326C-4AD4-6648FE89C6E1}.Debug with Boost|Win32.ActiveCfg = Debug|Win32
		{37264B92-67E4-326C-4AD4-6648FE89C6E1}.Debug with Boost|Win32.Build.0 = Debug|Win32
		{37264B92-67E4-326C-4AD4-6648FE89C6E1}.Debug with Boost|x64.ActiveCfg = Debug|x64
		{37264B92-67E4-326C-4AD4-6648FE89C6E1}.Debug with Boost|x64.Build.0 = Debug|x64
		{37264B92-67E4-326C-4AD4-6648FE89C6E1}.Debug|Win32.ActiveCfg = Debug|Win32
		{37264B92-67E4-326C-4AD4-6648FE89C6E1}.Debug|x64.ActiveCfg = Debug|x64
		{37264B92-67E4-326C-4AD4-6648FE89C6E1}.Release with Boost|Win32.ActiveCfg = Release|Win32
		{37264B92-67E4-326C-4AD4-6648FE89C6E1}.Release with Boost|Win32.Build.0 = Release|Win32
		{37264B92-67E4-326C-4AD4-6648FE89C6E1}.Release with Boost|x64.ActiveCfg = Release|x64
		{37264B92-67E4-326C-4AD4-6648FE89C6E1}.Release with Boost|x64.Build.0 = Release|x64
		{37264B92-67E4-326C-4AD4-6648FE89C6E1}.Release|Win32.ActiveCfg = Release|Win32
		{37264B92-67E4-326C-4AD4-6648FE89C6E1}.Release|x64.ActiveCfg = Release|x64
		{449C674A-87F2-BAA0-948F-0FFDB280C8F2}.Debug with Boost|Win32.ActiveCfg = Debug|Win32
		{449C674A-87F2-BAA0-948F-0FFDB280C8F2}.Debug with Boost|Win32.Build.0 = Debug|Win32
		{449C674A-87F2-BAA0-948F-0FFDB280C8F2}.Debug with Boost|x64.ActiveCfg = Debug|x64
		{449C674A-87F2-BAA0-948F-0FFDB280C8F2}.Debug with Boost|x64.Build.0 = Debug|x64
		{449C674A-87F2-BAA0-948F-0FFDB280C8F2}.Debug|Win32.ActiveCfg = Debug|Win32
		{449C674A-87F2-BAA0-948F-0FFDB280C8F2}.Debug|x64.ActiveCfg = Debug|x64
		{449C674A-87F2-BAA0-948F-0FFDB280C8F2}.Release with Boost|Win32.ActiveCfg = Release|Win32
		{449C674A-87F2-BAA0-948F-0FFDB280C8F2}.Release with Boost|Win32.Build.0 = Release|Win32
		{449C674A-87F2-BAA0-948F-0FFDB280C8F2}.Release with Boost|x64.ActiveCfg = Release|x64
		{449C674A-87F2-BAA0-948F-0FFDB280C8F2}.Release with Boost|x64.Build.0 = Release|x64
		{449C674A-87F2-BAA0-948F-0FFDB280C8F2}.Release|Win32.ActiveCfg = Release|Win32
		{449C674A-87F2-BAA0-948F-0FFDB280C8F2}.Release|x64.ActiveCfg = Release|x64
		{AFA856A0-2388-4673-9277-CE4061709569}.Debug with Boost|Win32.ActiveCfg = Debug with Boost|Win32
		{AFA856A0-2388-4673-9277-CE4061709569}.Debug with Boost|Win32.Build.0 = Debug with Boost|Win32
		{AFA856A0-2388-4673-9277-CE4061709569}.Debug with Boost|x64.ActiveCfg = Debug with Boost|x64
		{AFA856A0-2388-4673-9277-CE4061709569}.Debug with Boost|x64.Build.0 = Debug with Boost|x64
		{AFA856A0-2388-4673-9277-CE4061709569}.Debug|Win32.ActiveCfg = Debug|Win32
		{AFA856A0-2388-4673-9277-CE4061709569}.Debug|Win32.Build.0 = Debug|Win32
		{AFA856A0-2388-4673-9277-CE4061709569}.Debug|x64.ActiveCfg = Debug|x64
		{AFA856A0-2388-4673-9277-CE4061709569}.Debug|x64.Build.0 = Debug|x64
		{AFA856A0-2388-4673-9277-CE4061709569}.Release with Boost|Win32.ActiveCfg = Release with Boost|Win32
		{AFA856A0-2388-4673-9277-CE4061709569}.Release with Boost|Win32.Build.0 = Release with Boost|Win32
		{AFA856A0-2388-4673-9277-CE4061709569}.Release with Boost|x64.ActiveCfg = Release with Boost|x64
		{AFA856A0-2388-4673-9277-CE4061709569}.Release with Boost|x64.Build.0 = Release with Boost|x64
		{AFA856A0-2388-4673-9277-CE4061709569}.Release|Win32.ActiveCfg = Release|Win32
		{AFA856A0-2388-4673-9277-CE4061709569}.Release|Win32.Build.0 = Release|Win32
		{AFA856A0-2388-4673-9277-CE4061709569}.Release|x64.ActiveCfg = Release|x64
		{AFA856A0-2388-4673-9277-CE4061709569}.Release|x64.Build.0 = Release|x64
	EndGlobalSection
	GlobalSection(SolutionProperties) = preSolution
		HideSolutionNode = FALSE
	EndGlobalSection
EndGlobal
